
Microsoft Visual Studio Solution File, Format Version 12.00
# Visual Studio Version 16
VisualStudioVersion = 16.0.30804.86
MinimumVisualStudioVersion = 10.0.40219.1
Project("{FAE04EC0-301F-11D3-BF4B-00C04F79EFBC}") = "XmlReader", "XmlReader.csproj", "{42E20AF5-7525-4980-B62B-8B0CF571BBA6}"
EndProject
Global
	GlobalSection(SolutionConfigurationPlatforms) = preSolution
		Debug|Any CPU = Debug|Any CPU
		Release|Any CPU = Release|Any CPU
	EndGlobalSection
	GlobalSection(ProjectConfigurationPlatforms) = postSolution
		{42E20AF5-7525-4980-B62B-8B0CF571BBA6}.Debug|Any CPU.ActiveCfg = Debug|Any CPU
		{42E20AF5-7525-4980-B62B-8B0CF571BBA6}.Debug|Any CPU.Build.0 = Debug|Any CPU
		{42E20AF5-7525-4980-B62B-8B0CF571BBA6}.Release|Any CPU.ActiveCfg = Release|Any CPU
		{42E20AF5-7525-4980-B62B-8B0CF571BBA6}.Release|Any CPU.Build.0 = Release|Any CPU
	EndGlobalSection
	GlobalSection(SolutionProperties) = preSolution
		HideSolutionNode = FALSE
	EndGlobalSection
	GlobalSection(ExtensibilityGlobals) = postSolution
		SolutionGuid = {68717704-B1C3-4BF0-9311-FF9F83D46C4C}
	EndGlobalSection
EndGlobal
